
Microsoft Visual Studio Solution File, Format Version 12.00
# Visual Studio Version 17
VisualStudioVersion = 17.0.31919.166
MinimumVisualStudioVersion = 10.0.40219.1
Project("{9A19103F-16F7-4668-BE54-9A1E7A4F7556}") = "loanApp", "loanApp.csproj", "{042B0E38-0EDD-42EA-B1C1-A8B6A0993F2F}"
EndProject
Project("{FAE04EC0-301F-11D3-BF4B-00C04F79EFBC}") = "Entities", "..\Entities\Entities.csproj", "{7BC751DC-B477-42F8-BE9D-79BFE5157C87}"
EndProject
Global
	GlobalSection(SolutionConfigurationPlatforms) = preSolution
		Debug|Any CPU = Debug|Any CPU
		Release|Any CPU = Release|Any CPU
	EndGlobalSection
	GlobalSection(ProjectConfigurationPlatforms) = postSolution
		{042B0E38-0EDD-42EA-B1C1-A8B6A0993F2F}.Debug|Any CPU.ActiveCfg = Debug|Any CPU
		{042B0E38-0EDD-42EA-B1C1-A8B6A0993F2F}.Debug|Any CPU.Build.0 = Debug|Any CPU
		{042B0E38-0EDD-42EA-B1C1-A8B6A0993F2F}.Release|Any CPU.ActiveCfg = Release|Any CPU
		{042B0E38-0EDD-42EA-B1C1-A8B6A0993F2F}.Release|Any CPU.Build.0 = Release|Any CPU
		{7BC751DC-B477-42F8-BE9D-79BFE5157C87}.Debug|Any CPU.ActiveCfg = Debug|Any CPU
		{7BC751DC-B477-42F8-BE9D-79BFE5157C87}.Debug|Any CPU.Build.0 = Debug|Any CPU
		{7BC751DC-B477-42F8-BE9D-79BFE5157C87}.Release|Any CPU.ActiveCfg = Release|Any CPU
		{7BC751DC-B477-42F8-BE9D-79BFE5157C87}.Release|Any CPU.Build.0 = Release|Any CPU
	EndGlobalSection
	GlobalSection(SolutionProperties) = preSolution
		HideSolutionNode = FALSE
	EndGlobalSection
	GlobalSection(ExtensibilityGlobals) = postSolution
		SolutionGuid = {4ABA672C-E417-46F6-9AB7-DACAF7F46CD4}
	EndGlobalSection
EndGlobal
