
Microsoft Visual Studio Solution File, Format Version 12.00
# Visual Studio Version 17
VisualStudioVersion = 17.0.31919.166
MinimumVisualStudioVersion = 10.0.40219.1
Project("{9A19103F-16F7-4668-BE54-9A1E7A4F7556}") = "loanApp", "loanApp.csproj", "{042B0E38-0EDD-42EA-B1C1-A8B6A0993F2F}"
EndProject
Project("{9A19103F-16F7-4668-BE54-9A1E7A4F7556}") = "Entities", "..\Entities\Entities.csproj", "{7BC751DC-B477-42F8-BE9D-79BFE5157C87}"
EndProject
Project("{9A19103F-16F7-4668-BE54-9A1E7A4F7556}") = "Repository", "..\Repository\Repository.csproj", "{1B0D4B1B-116B-455D-8C1D-AC9A806455DB}"
EndProject
Project("{9A19103F-16F7-4668-BE54-9A1E7A4F7556}") = "Contracts", "..\Contracts\Contracts.csproj", "{241F3EA8-4EC7-4BDF-ABCD-55267BB7418C}"
EndProject
Project("{9A19103F-16F7-4668-BE54-9A1E7A4F7556}") = "Service.Contracts", "..\Service.Contracts\Service.Contracts.csproj", "{20DBE269-34E6-416B-B91F-3A72CBFB71C6}"
EndProject
Project("{9A19103F-16F7-4668-BE54-9A1E7A4F7556}") = "Services", "..\Services\Services.csproj", "{8B2D3171-D463-4E9A-BF0E-EEDDAC7A5E1B}"
EndProject
Project("{FAE04EC0-301F-11D3-BF4B-00C04F79EFBC}") = "LoanApp.Presentation", "..\LoanApp.Presentation\LoanApp.Presentation.csproj", "{D1B0F50A-62E6-4530-B7F5-05CAA7F02762}"
EndProject
Global
	GlobalSection(SolutionConfigurationPlatforms) = preSolution
		Debug|Any CPU = Debug|Any CPU
		Release|Any CPU = Release|Any CPU
	EndGlobalSection
	GlobalSection(ProjectConfigurationPlatforms) = postSolution
		{042B0E38-0EDD-42EA-B1C1-A8B6A0993F2F}.Debug|Any CPU.ActiveCfg = Debug|Any CPU
		{042B0E38-0EDD-42EA-B1C1-A8B6A0993F2F}.Debug|Any CPU.Build.0 = Debug|Any CPU
		{042B0E38-0EDD-42EA-B1C1-A8B6A0993F2F}.Release|Any CPU.ActiveCfg = Release|Any CPU
		{042B0E38-0EDD-42EA-B1C1-A8B6A0993F2F}.Release|Any CPU.Build.0 = Release|Any CPU
		{7BC751DC-B477-42F8-BE9D-79BFE5157C87}.Debug|Any CPU.ActiveCfg = Debug|Any CPU
		{7BC751DC-B477-42F8-BE9D-79BFE5157C87}.Debug|Any CPU.Build.0 = Debug|Any CPU
		{7BC751DC-B477-42F8-BE9D-79BFE5157C87}.Release|Any CPU.ActiveCfg = Release|Any CPU
		{7BC751DC-B477-42F8-BE9D-79BFE5157C87}.Release|Any CPU.Build.0 = Release|Any CPU
		{1B0D4B1B-116B-455D-8C1D-AC9A806455DB}.Debug|Any CPU.ActiveCfg = Debug|Any CPU
		{1B0D4B1B-116B-455D-8C1D-AC9A806455DB}.Debug|Any CPU.Build.0 = Debug|Any CPU
		{1B0D4B1B-116B-455D-8C1D-AC9A806455DB}.Release|Any CPU.ActiveCfg = Release|Any CPU
		{1B0D4B1B-116B-455D-8C1D-AC9A806455DB}.Release|Any CPU.Build.0 = Release|Any CPU
		{241F3EA8-4EC7-4BDF-ABCD-55267BB7418C}.Debug|Any CPU.ActiveCfg = Debug|Any CPU
		{241F3EA8-4EC7-4BDF-ABCD-55267BB7418C}.Debug|Any CPU.Build.0 = Debug|Any CPU
		{241F3EA8-4EC7-4BDF-ABCD-55267BB7418C}.Release|Any CPU.ActiveCfg = Release|Any CPU
		{241F3EA8-4EC7-4BDF-ABCD-55267BB7418C}.Release|Any CPU.Build.0 = Release|Any CPU
		{20DBE269-34E6-416B-B91F-3A72CBFB71C6}.Debug|Any CPU.ActiveCfg = Debug|Any CPU
		{20DBE269-34E6-416B-B91F-3A72CBFB71C6}.Debug|Any CPU.Build.0 = Debug|Any CPU
		{20DBE269-34E6-416B-B91F-3A72CBFB71C6}.Release|Any CPU.ActiveCfg = Release|Any CPU
		{20DBE269-34E6-416B-B91F-3A72CBFB71C6}.Release|Any CPU.Build.0 = Release|Any CPU
		{8B2D3171-D463-4E9A-BF0E-EEDDAC7A5E1B}.Debug|Any CPU.ActiveCfg = Debug|Any CPU
		{8B2D3171-D463-4E9A-BF0E-EEDDAC7A5E1B}.Debug|Any CPU.Build.0 = Debug|Any CPU
		{8B2D3171-D463-4E9A-BF0E-EEDDAC7A5E1B}.Release|Any CPU.ActiveCfg = Release|Any CPU
		{8B2D3171-D463-4E9A-BF0E-EEDDAC7A5E1B}.Release|Any CPU.Build.0 = Release|Any CPU
		{D1B0F50A-62E6-4530-B7F5-05CAA7F02762}.Debug|Any CPU.ActiveCfg = Debug|Any CPU
		{D1B0F50A-62E6-4530-B7F5-05CAA7F02762}.Debug|Any CPU.Build.0 = Debug|Any CPU
		{D1B0F50A-62E6-4530-B7F5-05CAA7F02762}.Release|Any CPU.ActiveCfg = Release|Any CPU
		{D1B0F50A-62E6-4530-B7F5-05CAA7F02762}.Release|Any CPU.Build.0 = Release|Any CPU
	EndGlobalSection
	GlobalSection(SolutionProperties) = preSolution
		HideSolutionNode = FALSE
	EndGlobalSection
	GlobalSection(ExtensibilityGlobals) = postSolution
		SolutionGuid = {4ABA672C-E417-46F6-9AB7-DACAF7F46CD4}
	EndGlobalSection
EndGlobal
